
Microsoft Visual Studio Solution File, Format Version 12.00
# Visual Studio Version 17
VisualStudioVersion = 17.7.34221.43
MinimumVisualStudioVersion = 10.0.40219.1
Project("{FAE04EC0-301F-11D3-BF4B-00C04F79EFBC}") = "Praktika10", "Praktika10\Praktika10.csproj", "{6BB2E9BB-40C2-4F7B-94D3-8D7BAE6B0797}"
EndProject
Project("{FAE04EC0-301F-11D3-BF4B-00C04F79EFBC}") = "Dop10", "Dop10\Dop10.csproj", "{FD1ED372-016A-4232-BA3A-923BEC316937}"
EndProject
Global
	GlobalSection(SolutionConfigurationPlatforms) = preSolution
		Debug|Any CPU = Debug|Any CPU
		Release|Any CPU = Release|Any CPU
	EndGlobalSection
	GlobalSection(ProjectConfigurationPlatforms) = postSolution
		{6BB2E9BB-40C2-4F7B-94D3-8D7BAE6B0797}.Debug|Any CPU.ActiveCfg = Debug|Any CPU
		{6BB2E9BB-40C2-4F7B-94D3-8D7BAE6B0797}.Debug|Any CPU.Build.0 = Debug|Any CPU
		{6BB2E9BB-40C2-4F7B-94D3-8D7BAE6B0797}.Release|Any CPU.ActiveCfg = Release|Any CPU
		{6BB2E9BB-40C2-4F7B-94D3-8D7BAE6B0797}.Release|Any CPU.Build.0 = Release|Any CPU
		{FD1ED372-016A-4232-BA3A-923BEC316937}.Debug|Any CPU.ActiveCfg = Debug|Any CPU
		{FD1ED372-016A-4232-BA3A-923BEC316937}.Debug|Any CPU.Build.0 = Debug|Any CPU
		{FD1ED372-016A-4232-BA3A-923BEC316937}.Release|Any CPU.ActiveCfg = Release|Any CPU
		{FD1ED372-016A-4232-BA3A-923BEC316937}.Release|Any CPU.Build.0 = Release|Any CPU
	EndGlobalSection
	GlobalSection(SolutionProperties) = preSolution
		HideSolutionNode = FALSE
	EndGlobalSection
	GlobalSection(ExtensibilityGlobals) = postSolution
		SolutionGuid = {1F9D3492-DE3B-4C59-B533-1AD44D92A5E8}
	EndGlobalSection
EndGlobal
